
Microsoft Visual Studio Solution File, Format Version 12.00
# Visual Studio Version 17
VisualStudioVersion = 17.1.32407.343
MinimumVisualStudioVersion = 10.0.40219.1
Project("{FAE04EC0-301F-11D3-BF4B-00C04F79EFBC}") = "LINQDemo", "LINQDemo\LINQDemo.csproj", "{B8B33462-9F5B-4D09-8CF3-365DE21272FD}"
EndProject
Global
	GlobalSection(SolutionConfigurationPlatforms) = preSolution
		Debug|Any CPU = Debug|Any CPU
		Release|Any CPU = Release|Any CPU
	EndGlobalSection
	GlobalSection(ProjectConfigurationPlatforms) = postSolution
		{B8B33462-9F5B-4D09-8CF3-365DE21272FD}.Debug|Any CPU.ActiveCfg = Debug|Any CPU
		{B8B33462-9F5B-4D09-8CF3-365DE21272FD}.Debug|Any CPU.Build.0 = Debug|Any CPU
		{B8B33462-9F5B-4D09-8CF3-365DE21272FD}.Release|Any CPU.ActiveCfg = Release|Any CPU
		{B8B33462-9F5B-4D09-8CF3-365DE21272FD}.Release|Any CPU.Build.0 = Release|Any CPU
	EndGlobalSection
	GlobalSection(SolutionProperties) = preSolution
		HideSolutionNode = FALSE
	EndGlobalSection
	GlobalSection(ExtensibilityGlobals) = postSolution
		SolutionGuid = {4BE16653-ECFD-407F-8CE1-F0ACE1886AA7}
	EndGlobalSection
EndGlobal
