
Microsoft Visual Studio Solution File, Format Version 12.00
# Visual Studio Version 17
VisualStudioVersion = 17.1.32210.238
MinimumVisualStudioVersion = 10.0.40219.1
Project("{FAE04EC0-301F-11D3-BF4B-00C04F79EFBC}") = "AjaxExample", "AjaxExample\AjaxExample.csproj", "{4EE6465A-952E-4D52-8D91-293B9219B7EC}"
EndProject
Global
	GlobalSection(SolutionConfigurationPlatforms) = preSolution
		Debug|Any CPU = Debug|Any CPU
		Release|Any CPU = Release|Any CPU
	EndGlobalSection
	GlobalSection(ProjectConfigurationPlatforms) = postSolution
		{4EE6465A-952E-4D52-8D91-293B9219B7EC}.Debug|Any CPU.ActiveCfg = Debug|Any CPU
		{4EE6465A-952E-4D52-8D91-293B9219B7EC}.Debug|Any CPU.Build.0 = Debug|Any CPU
		{4EE6465A-952E-4D52-8D91-293B9219B7EC}.Release|Any CPU.ActiveCfg = Release|Any CPU
		{4EE6465A-952E-4D52-8D91-293B9219B7EC}.Release|Any CPU.Build.0 = Release|Any CPU
	EndGlobalSection
	GlobalSection(SolutionProperties) = preSolution
		HideSolutionNode = FALSE
	EndGlobalSection
	GlobalSection(ExtensibilityGlobals) = postSolution
		SolutionGuid = {45122AF9-DF7B-4822-BF1C-9B3506A645BE}
	EndGlobalSection
EndGlobal
