
Microsoft Visual Studio Solution File, Format Version 12.00
# Visual Studio Version 17
VisualStudioVersion = 17.1.32210.238
MinimumVisualStudioVersion = 10.0.40219.1
Project("{FAE04EC0-301F-11D3-BF4B-00C04F79EFBC}") = "ASPCoreFirstApp", "ASPCoreFirstApp\ASPCoreFirstApp.csproj", "{ECD24953-FB78-4B36-B909-168AD4FA0A1C}"
EndProject
Global
	GlobalSection(SolutionConfigurationPlatforms) = preSolution
		Debug|Any CPU = Debug|Any CPU
		Release|Any CPU = Release|Any CPU
	EndGlobalSection
	GlobalSection(ProjectConfigurationPlatforms) = postSolution
		{ECD24953-FB78-4B36-B909-168AD4FA0A1C}.Debug|Any CPU.ActiveCfg = Debug|Any CPU
		{ECD24953-FB78-4B36-B909-168AD4FA0A1C}.Debug|Any CPU.Build.0 = Debug|Any CPU
		{ECD24953-FB78-4B36-B909-168AD4FA0A1C}.Release|Any CPU.ActiveCfg = Release|Any CPU
		{ECD24953-FB78-4B36-B909-168AD4FA0A1C}.Release|Any CPU.Build.0 = Release|Any CPU
	EndGlobalSection
	GlobalSection(SolutionProperties) = preSolution
		HideSolutionNode = FALSE
	EndGlobalSection
	GlobalSection(ExtensibilityGlobals) = postSolution
		SolutionGuid = {43261AFE-9157-4254-9BB8-7EF12DCD9B4F}
	EndGlobalSection
EndGlobal
